
Microsoft Visual Studio Solution File, Format Version 12.00
Project("{FAE04EC0-301F-11D3-BF4B-00C04F79EFBC}") = "ScientificTangle.Web", "src\ScientificTangle.Web\ScientificTangle.Web.csproj", "{0ABD6656-EBC7-48AA-A01E-23C1D356AAAC}"
EndProject
Project("{FAE04EC0-301F-11D3-BF4B-00C04F79EFBC}") = "ScientificTangle.Core", "src\ScientificTangle.Core\ScientificTangle.Core.csproj", "{9FEE3FEE-D647-4BE2-8687-BFF3A9E114B6}"
EndProject
Project("{FAE04EC0-301F-11D3-BF4B-00C04F79EFBC}") = "ScientificTangle.Application", "src\ScientificTangle.Application\ScientificTangle.Application.csproj", "{8C7E8234-FC20-4402-89C3-8D1DA3B7BD60}"
EndProject
Project("{FAE04EC0-301F-11D3-BF4B-00C04F79EFBC}") = "ScientificTangle.Contracts", "src\ScientificTangle.Contracts\ScientificTangle.Contracts.csproj", "{3AD6EE84-B0D5-4733-AABF-913AF81F8587}"
EndProject
Global
	GlobalSection(SolutionConfigurationPlatforms) = preSolution
		Debug|Any CPU = Debug|Any CPU
		Release|Any CPU = Release|Any CPU
	EndGlobalSection
	GlobalSection(ProjectConfigurationPlatforms) = postSolution
		{0ABD6656-EBC7-48AA-A01E-23C1D356AAAC}.Debug|Any CPU.ActiveCfg = Debug|Any CPU
		{0ABD6656-EBC7-48AA-A01E-23C1D356AAAC}.Debug|Any CPU.Build.0 = Debug|Any CPU
		{0ABD6656-EBC7-48AA-A01E-23C1D356AAAC}.Release|Any CPU.ActiveCfg = Release|Any CPU
		{0ABD6656-EBC7-48AA-A01E-23C1D356AAAC}.Release|Any CPU.Build.0 = Release|Any CPU
		{9FEE3FEE-D647-4BE2-8687-BFF3A9E114B6}.Debug|Any CPU.ActiveCfg = Debug|Any CPU
		{9FEE3FEE-D647-4BE2-8687-BFF3A9E114B6}.Debug|Any CPU.Build.0 = Debug|Any CPU
		{9FEE3FEE-D647-4BE2-8687-BFF3A9E114B6}.Release|Any CPU.ActiveCfg = Release|Any CPU
		{9FEE3FEE-D647-4BE2-8687-BFF3A9E114B6}.Release|Any CPU.Build.0 = Release|Any CPU
		{8C7E8234-FC20-4402-89C3-8D1DA3B7BD60}.Debug|Any CPU.ActiveCfg = Debug|Any CPU
		{8C7E8234-FC20-4402-89C3-8D1DA3B7BD60}.Debug|Any CPU.Build.0 = Debug|Any CPU
		{8C7E8234-FC20-4402-89C3-8D1DA3B7BD60}.Release|Any CPU.ActiveCfg = Release|Any CPU
		{8C7E8234-FC20-4402-89C3-8D1DA3B7BD60}.Release|Any CPU.Build.0 = Release|Any CPU
		{3AD6EE84-B0D5-4733-AABF-913AF81F8587}.Debug|Any CPU.ActiveCfg = Debug|Any CPU
		{3AD6EE84-B0D5-4733-AABF-913AF81F8587}.Debug|Any CPU.Build.0 = Debug|Any CPU
		{3AD6EE84-B0D5-4733-AABF-913AF81F8587}.Release|Any CPU.ActiveCfg = Release|Any CPU
		{3AD6EE84-B0D5-4733-AABF-913AF81F8587}.Release|Any CPU.Build.0 = Release|Any CPU
	EndGlobalSection
EndGlobal
